// !$*UTF8*$!
{
	archiveVersion = 1;
	classes = {
	};
	objectVersion = 50;
	objects = {

/* Begin PBXBuildFile section */
		EA26E6C9263C3F8C006596D5 /* AppDelegate.swift in Sources */ = {isa = PBXBuildFile; fileRef = EA26E6C8263C3F8C006596D5 /* AppDelegate.swift */; };
		EA26E6CB263C3F8C006596D5 /* ViewController.swift in Sources */ = {isa = PBXBuildFile; fileRef = EA26E6CA263C3F8C006596D5 /* ViewController.swift */; };
		EA26E6CD263C3F95006596D5 /* Assets.xcassets in Resources */ = {isa = PBXBuildFile; fileRef = EA26E6CC263C3F95006596D5 /* Assets.xcassets */; };
		EA26E6D0263C3F95006596D5 /* Main.storyboard in Resources */ = {isa = PBXBuildFile; fileRef = EA26E6CE263C3F95006596D5 /* Main.storyboard */; };
		EA405B43263EE04100D5CC78 /* Common.h in Headers */ = {isa = PBXBuildFile; fileRef = EA405B41263EE04100D5CC78 /* Common.h */; settings = {ATTRIBUTES = (Public, ); }; };
		EA405B46263EE04100D5CC78 /* Common.framework in Frameworks */ = {isa = PBXBuildFile; fileRef = EA405B3F263EE04100D5CC78 /* Common.framework */; };
		EA405B47263EE04100D5CC78 /* Common.framework in Embed Frameworks */ = {isa = PBXBuildFile; fileRef = EA405B3F263EE04100D5CC78 /* Common.framework */; settings = {ATTRIBUTES = (CodeSignOnCopy, RemoveHeadersOnCopy, ); }; };
		EA405B4C263EE05000D5CC78 /* MIDI.swift in Sources */ = {isa = PBXBuildFile; fileRef = EAEB1E39263D6D7900524B81 /* MIDI.swift */; };
		EA405B4D263EE05000D5CC78 /* MIDISynth.swift in Sources */ = {isa = PBXBuildFile; fileRef = EAACB14B263DAE3400DEA1D2 /* MIDISynth.swift */; };
		EA405B4F263EE1FC00D5CC78 /* Common.framework in Frameworks */ = {isa = PBXBuildFile; fileRef = EA405B3F263EE04100D5CC78 /* Common.framework */; };
		EA405B50263EE1FC00D5CC78 /* Common.framework in Embed Frameworks */ = {isa = PBXBuildFile; fileRef = EA405B3F263EE04100D5CC78 /* Common.framework */; settings = {ATTRIBUTES = (CodeSignOnCopy, RemoveHeadersOnCopy, ); }; };
		EA405B5E263EFBD900D5CC78 /* SystemResource in Resources */ = {isa = PBXBuildFile; fileRef = EA405B5D263EFBD900D5CC78 /* SystemResource */; };
		EA405B5F263EFE3500D5CC78 /* Keyboard.swift in Sources */ = {isa = PBXBuildFile; fileRef = EAEB1E3B263D6FB700524B81 /* Keyboard.swift */; };
		EA9770822641AA08008501CA /* NoteRollView.swift in Sources */ = {isa = PBXBuildFile; fileRef = EA9770812641AA08008501CA /* NoteRollView.swift */; };
		EAACB154263EDD1600DEA1D2 /* AppDelegate.swift in Sources */ = {isa = PBXBuildFile; fileRef = EAACB153263EDD1600DEA1D2 /* AppDelegate.swift */; };
		EAACB158263EDD1600DEA1D2 /* ViewController.swift in Sources */ = {isa = PBXBuildFile; fileRef = EAACB157263EDD1600DEA1D2 /* ViewController.swift */; };
		EAACB15D263EDD1700DEA1D2 /* Assets.xcassets in Resources */ = {isa = PBXBuildFile; fileRef = EAACB15C263EDD1700DEA1D2 /* Assets.xcassets */; };
		EAACB160263EDD1700DEA1D2 /* LaunchScreen.storyboard in Resources */ = {isa = PBXBuildFile; fileRef = EAACB15E263EDD1700DEA1D2 /* LaunchScreen.storyboard */; };
		EAEB1E38263D6CE600524B81 /* StickyCollectionView.swift in Sources */ = {isa = PBXBuildFile; fileRef = EAEB1E37263D6CE600524B81 /* StickyCollectionView.swift */; };
/* End PBXBuildFile section */

/* Begin PBXContainerItemProxy section */
		EA405B44263EE04100D5CC78 /* PBXContainerItemProxy */ = {
			isa = PBXContainerItemProxy;
			containerPortal = EA26E6BD263C3F8C006596D5 /* Project object */;
			proxyType = 1;
			remoteGlobalIDString = EA405B3E263EE04100D5CC78;
			remoteInfo = Common;
		};
		EA405B51263EE1FC00D5CC78 /* PBXContainerItemProxy */ = {
			isa = PBXContainerItemProxy;
			containerPortal = EA26E6BD263C3F8C006596D5 /* Project object */;
			proxyType = 1;
			remoteGlobalIDString = EA405B3E263EE04100D5CC78;
			remoteInfo = Common;
		};
/* End PBXContainerItemProxy section */

/* Begin PBXCopyFilesBuildPhase section */
		EA405B4B263EE04100D5CC78 /* Embed Frameworks */ = {
			isa = PBXCopyFilesBuildPhase;
			buildActionMask = 2147483647;
			dstPath = "";
			dstSubfolderSpec = 10;
			files = (
				EA405B47263EE04100D5CC78 /* Common.framework in Embed Frameworks */,
			);
			name = "Embed Frameworks";
			runOnlyForDeploymentPostprocessing = 0;
		};
		EA405B53263EE1FC00D5CC78 /* Embed Frameworks */ = {
			isa = PBXCopyFilesBuildPhase;
			buildActionMask = 2147483647;
			dstPath = "";
			dstSubfolderSpec = 10;
			files = (
				EA405B50263EE1FC00D5CC78 /* Common.framework in Embed Frameworks */,
			);
			name = "Embed Frameworks";
			runOnlyForDeploymentPostprocessing = 0;
		};
/* End PBXCopyFilesBuildPhase section */

/* Begin PBXFileReference section */
		EA26E6C5263C3F8C006596D5 /* Resonance.app */ = {isa = PBXFileReference; explicitFileType = wrapper.application; includeInIndex = 0; path = Resonance.app; sourceTree = BUILT_PRODUCTS_DIR; };
		EA26E6C8263C3F8C006596D5 /* AppDelegate.swift */ = {isa = PBXFileReference; lastKnownFileType = sourcecode.swift; path = AppDelegate.swift; sourceTree = "<group>"; };
		EA26E6CA263C3F8C006596D5 /* ViewController.swift */ = {isa = PBXFileReference; lastKnownFileType = sourcecode.swift; path = ViewController.swift; sourceTree = "<group>"; };
		EA26E6CC263C3F95006596D5 /* Assets.xcassets */ = {isa = PBXFileReference; lastKnownFileType = folder.assetcatalog; path = Assets.xcassets; sourceTree = "<group>"; };
		EA26E6CF263C3F95006596D5 /* Base */ = {isa = PBXFileReference; lastKnownFileType = file.storyboard; name = Base; path = Base.lproj/Main.storyboard; sourceTree = "<group>"; };
		EA26E6D1263C3F95006596D5 /* Info.plist */ = {isa = PBXFileReference; lastKnownFileType = text.plist.xml; path = Info.plist; sourceTree = "<group>"; };
		EA26E6D2263C3F95006596D5 /* Resonance.entitlements */ = {isa = PBXFileReference; lastKnownFileType = text.plist.entitlements; path = Resonance.entitlements; sourceTree = "<group>"; };
		EA405B3F263EE04100D5CC78 /* Common.framework */ = {isa = PBXFileReference; explicitFileType = wrapper.framework; includeInIndex = 0; path = Common.framework; sourceTree = BUILT_PRODUCTS_DIR; };
		EA405B41263EE04100D5CC78 /* Common.h */ = {isa = PBXFileReference; lastKnownFileType = sourcecode.c.h; path = Common.h; sourceTree = "<group>"; };
		EA405B42263EE04100D5CC78 /* Info.plist */ = {isa = PBXFileReference; lastKnownFileType = text.plist.xml; path = Info.plist; sourceTree = "<group>"; };
		EA405B54263EEA2700D5CC78 /* AVFoundation.framework */ = {isa = PBXFileReference; lastKnownFileType = wrapper.framework; name = AVFoundation.framework; path = System/Library/Frameworks/AVFoundation.framework; sourceTree = SDKROOT; };
		EA405B5D263EFBD900D5CC78 /* SystemResource */ = {isa = PBXFileReference; lastKnownFileType = folder; path = SystemResource; sourceTree = "<group>"; };
		EA405B60263EFE4400D5CC78 /* Resonance-ios.entitlements */ = {isa = PBXFileReference; lastKnownFileType = text.plist.entitlements; path = "Resonance-ios.entitlements"; sourceTree = "<group>"; };
		EA9770812641AA08008501CA /* NoteRollView.swift */ = {isa = PBXFileReference; fileEncoding = 4; lastKnownFileType = sourcecode.swift; path = NoteRollView.swift; sourceTree = "<group>"; };
		EA97708A2641AA60008501CA /* Previews.h */ = {isa = PBXFileReference; lastKnownFileType = sourcecode.c.h; path = Previews.h; sourceTree = "<group>"; };
		EA97708B2641AA60008501CA /* Info.plist */ = {isa = PBXFileReference; lastKnownFileType = text.plist.xml; path = Info.plist; sourceTree = "<group>"; };
		EAACB14B263DAE3400DEA1D2 /* MIDISynth.swift */ = {isa = PBXFileReference; lastKnownFileType = sourcecode.swift; path = MIDISynth.swift; sourceTree = "<group>"; };
		EAACB151263EDD1600DEA1D2 /* Resonance-ios.app */ = {isa = PBXFileReference; explicitFileType = wrapper.application; includeInIndex = 0; path = "Resonance-ios.app"; sourceTree = BUILT_PRODUCTS_DIR; };
		EAACB153263EDD1600DEA1D2 /* AppDelegate.swift */ = {isa = PBXFileReference; lastKnownFileType = sourcecode.swift; path = AppDelegate.swift; sourceTree = "<group>"; };
		EAACB157263EDD1600DEA1D2 /* ViewController.swift */ = {isa = PBXFileReference; lastKnownFileType = sourcecode.swift; path = ViewController.swift; sourceTree = "<group>"; };
		EAACB15C263EDD1700DEA1D2 /* Assets.xcassets */ = {isa = PBXFileReference; lastKnownFileType = folder.assetcatalog; path = Assets.xcassets; sourceTree = "<group>"; };
		EAACB15F263EDD1700DEA1D2 /* Base */ = {isa = PBXFileReference; lastKnownFileType = file.storyboard; name = Base; path = Base.lproj/LaunchScreen.storyboard; sourceTree = "<group>"; };
		EAACB161263EDD1700DEA1D2 /* Info.plist */ = {isa = PBXFileReference; lastKnownFileType = text.plist.xml; path = Info.plist; sourceTree = "<group>"; };
		EAEB1E37263D6CE600524B81 /* StickyCollectionView.swift */ = {isa = PBXFileReference; lastKnownFileType = sourcecode.swift; path = StickyCollectionView.swift; sourceTree = "<group>"; };
		EAEB1E39263D6D7900524B81 /* MIDI.swift */ = {isa = PBXFileReference; lastKnownFileType = sourcecode.swift; path = MIDI.swift; sourceTree = "<group>"; };
		EAEB1E3B263D6FB700524B81 /* Keyboard.swift */ = {isa = PBXFileReference; lastKnownFileType = sourcecode.swift; path = Keyboard.swift; sourceTree = "<group>"; };
/* End PBXFileReference section */

/* Begin PBXFrameworksBuildPhase section */
		EA26E6C2263C3F8C006596D5 /* Frameworks */ = {
			isa = PBXFrameworksBuildPhase;
			buildActionMask = 2147483647;
			files = (
				EA405B46263EE04100D5CC78 /* Common.framework in Frameworks */,
			);
			runOnlyForDeploymentPostprocessing = 0;
		};
		EA405B3C263EE04100D5CC78 /* Frameworks */ = {
			isa = PBXFrameworksBuildPhase;
			buildActionMask = 2147483647;
			files = (
			);
			runOnlyForDeploymentPostprocessing = 0;
		};
		EAACB14E263EDD1600DEA1D2 /* Frameworks */ = {
			isa = PBXFrameworksBuildPhase;
			buildActionMask = 2147483647;
			files = (
				EA405B4F263EE1FC00D5CC78 /* Common.framework in Frameworks */,
			);
			runOnlyForDeploymentPostprocessing = 0;
		};
/* End PBXFrameworksBuildPhase section */

/* Begin PBXGroup section */
		EA26E6BC263C3F8C006596D5 = {
			isa = PBXGroup;
			children = (
				EA26E6C7263C3F8C006596D5 /* Resonance */,
				EA405B40263EE04100D5CC78 /* Common */,
				EAACB152263EDD1600DEA1D2 /* Resonance-ios */,
				EA9770892641AA60008501CA /* Previews */,
				EA26E6C6263C3F8C006596D5 /* Products */,
				EA405B4E263EE1FC00D5CC78 /* Frameworks */,
			);
			sourceTree = "<group>";
		};
		EA26E6C6263C3F8C006596D5 /* Products */ = {
			isa = PBXGroup;
			children = (
				EA26E6C5263C3F8C006596D5 /* Resonance.app */,
				EAACB151263EDD1600DEA1D2 /* Resonance-ios.app */,
				EA405B3F263EE04100D5CC78 /* Common.framework */,
			);
			name = Products;
			sourceTree = "<group>";
		};
		EA26E6C7263C3F8C006596D5 /* Resonance */ = {
			isa = PBXGroup;
			children = (
				EA26E6C8263C3F8C006596D5 /* AppDelegate.swift */,
				EA26E6CA263C3F8C006596D5 /* ViewController.swift */,
				EAEB1E37263D6CE600524B81 /* StickyCollectionView.swift */,
				EA9770812641AA08008501CA /* NoteRollView.swift */,
				EA26E6CC263C3F95006596D5 /* Assets.xcassets */,
				EA26E6CE263C3F95006596D5 /* Main.storyboard */,
				EA26E6D1263C3F95006596D5 /* Info.plist */,
				EA26E6D2263C3F95006596D5 /* Resonance.entitlements */,
			);
			path = Resonance;
			sourceTree = "<group>";
		};
		EA405B40263EE04100D5CC78 /* Common */ = {
			isa = PBXGroup;
			children = (
				EAEB1E39263D6D7900524B81 /* MIDI.swift */,
				EAACB14B263DAE3400DEA1D2 /* MIDISynth.swift */,
				EAEB1E3B263D6FB700524B81 /* Keyboard.swift */,
				EA405B41263EE04100D5CC78 /* Common.h */,
				EA405B42263EE04100D5CC78 /* Info.plist */,
			);
			path = Common;
			sourceTree = "<group>";
		};
		EA405B4E263EE1FC00D5CC78 /* Frameworks */ = {
			isa = PBXGroup;
			children = (
				EA405B54263EEA2700D5CC78 /* AVFoundation.framework */,
			);
			name = Frameworks;
			sourceTree = "<group>";
		};
		EA9770892641AA60008501CA /* Previews */ = {
			isa = PBXGroup;
			children = (
				EA97708A2641AA60008501CA /* Previews.h */,
				EA97708B2641AA60008501CA /* Info.plist */,
			);
			path = Previews;
			sourceTree = "<group>";
		};
		EAACB152263EDD1600DEA1D2 /* Resonance-ios */ = {
			isa = PBXGroup;
			children = (
				EA405B60263EFE4400D5CC78 /* Resonance-ios.entitlements */,
				EAACB153263EDD1600DEA1D2 /* AppDelegate.swift */,
				EAACB157263EDD1600DEA1D2 /* ViewController.swift */,
				EA405B5D263EFBD900D5CC78 /* SystemResource */,
				EAACB15C263EDD1700DEA1D2 /* Assets.xcassets */,
				EAACB15E263EDD1700DEA1D2 /* LaunchScreen.storyboard */,
				EAACB161263EDD1700DEA1D2 /* Info.plist */,
			);
			path = "Resonance-ios";
			sourceTree = "<group>";
		};
/* End PBXGroup section */

/* Begin PBXHeadersBuildPhase section */
		EA405B3A263EE04100D5CC78 /* Headers */ = {
			isa = PBXHeadersBuildPhase;
			buildActionMask = 2147483647;
			files = (
				EA405B43263EE04100D5CC78 /* Common.h in Headers */,
			);
			runOnlyForDeploymentPostprocessing = 0;
		};
/* End PBXHeadersBuildPhase section */

/* Begin PBXNativeTarget section */
		EA26E6C4263C3F8C006596D5 /* Resonance */ = {
			isa = PBXNativeTarget;
			buildConfigurationList = EA26E6D5263C3F95006596D5 /* Build configuration list for PBXNativeTarget "Resonance" */;
			buildPhases = (
				EA26E6C1263C3F8C006596D5 /* Sources */,
				EA26E6C2263C3F8C006596D5 /* Frameworks */,
				EA26E6C3263C3F8C006596D5 /* Resources */,
				EA405B4B263EE04100D5CC78 /* Embed Frameworks */,
			);
			buildRules = (
			);
			dependencies = (
				EA405B45263EE04100D5CC78 /* PBXTargetDependency */,
			);
			name = Resonance;
			productName = Resonance;
			productReference = EA26E6C5263C3F8C006596D5 /* Resonance.app */;
			productType = "com.apple.product-type.application";
		};
		EA405B3E263EE04100D5CC78 /* Common */ = {
			isa = PBXNativeTarget;
			buildConfigurationList = EA405B48263EE04100D5CC78 /* Build configuration list for PBXNativeTarget "Common" */;
			buildPhases = (
				EA405B3A263EE04100D5CC78 /* Headers */,
				EA405B3B263EE04100D5CC78 /* Sources */,
				EA405B3C263EE04100D5CC78 /* Frameworks */,
				EA405B3D263EE04100D5CC78 /* Resources */,
			);
			buildRules = (
			);
			dependencies = (
			);
			name = Common;
			productName = Common;
			productReference = EA405B3F263EE04100D5CC78 /* Common.framework */;
			productType = "com.apple.product-type.framework";
		};
		EAACB150263EDD1600DEA1D2 /* Resonance-ios */ = {
			isa = PBXNativeTarget;
			buildConfigurationList = EAACB162263EDD1700DEA1D2 /* Build configuration list for PBXNativeTarget "Resonance-ios" */;
			buildPhases = (
				EAACB14D263EDD1600DEA1D2 /* Sources */,
				EAACB14E263EDD1600DEA1D2 /* Frameworks */,
				EAACB14F263EDD1600DEA1D2 /* Resources */,
				EA405B53263EE1FC00D5CC78 /* Embed Frameworks */,
			);
			buildRules = (
			);
			dependencies = (
				EA405B52263EE1FC00D5CC78 /* PBXTargetDependency */,
			);
			name = "Resonance-ios";
			productName = "Resonance-ios";
			productReference = EAACB151263EDD1600DEA1D2 /* Resonance-ios.app */;
			productType = "com.apple.product-type.application";
		};
/* End PBXNativeTarget section */

/* Begin PBXProject section */
		EA26E6BD263C3F8C006596D5 /* Project object */ = {
			isa = PBXProject;
			attributes = {
				LastSwiftUpdateCheck = 1250;
				LastUpgradeCheck = 1250;
				TargetAttributes = {
					EA26E6C4263C3F8C006596D5 = {
						CreatedOnToolsVersion = 12.5;
					};
					EA405B3E263EE04100D5CC78 = {
						CreatedOnToolsVersion = 12.5;
					};
					EAACB150263EDD1600DEA1D2 = {
						CreatedOnToolsVersion = 12.5;
					};
				};
			};
			buildConfigurationList = EA26E6C0263C3F8C006596D5 /* Build configuration list for PBXProject "Resonance" */;
			compatibilityVersion = "Xcode 9.3";
			developmentRegion = en;
			hasScannedForEncodings = 0;
			knownRegions = (
				en,
				Base,
			);
			mainGroup = EA26E6BC263C3F8C006596D5;
			productRefGroup = EA26E6C6263C3F8C006596D5 /* Products */;
			projectDirPath = "";
			projectRoot = "";
			targets = (
				EA26E6C4263C3F8C006596D5 /* Resonance */,
				EAACB150263EDD1600DEA1D2 /* Resonance-ios */,
				EA405B3E263EE04100D5CC78 /* Common */,
			);
		};
/* End PBXProject section */

/* Begin PBXResourcesBuildPhase section */
		EA26E6C3263C3F8C006596D5 /* Resources */ = {
			isa = PBXResourcesBuildPhase;
			buildActionMask = 2147483647;
			files = (
				EA26E6CD263C3F95006596D5 /* Assets.xcassets in Resources */,
				EA26E6D0263C3F95006596D5 /* Main.storyboard in Resources */,
			);
			runOnlyForDeploymentPostprocessing = 0;
		};
		EA405B3D263EE04100D5CC78 /* Resources */ = {
			isa = PBXResourcesBuildPhase;
			buildActionMask = 2147483647;
			files = (
			);
			runOnlyForDeploymentPostprocessing = 0;
		};
		EAACB14F263EDD1600DEA1D2 /* Resources */ = {
			isa = PBXResourcesBuildPhase;
			buildActionMask = 2147483647;
			files = (
				EAACB160263EDD1700DEA1D2 /* LaunchScreen.storyboard in Resources */,
				EA405B5E263EFBD900D5CC78 /* SystemResource in Resources */,
				EAACB15D263EDD1700DEA1D2 /* Assets.xcassets in Resources */,
			);
			runOnlyForDeploymentPostprocessing = 0;
		};
/* End PBXResourcesBuildPhase section */

/* Begin PBXSourcesBuildPhase section */
		EA26E6C1263C3F8C006596D5 /* Sources */ = {
			isa = PBXSourcesBuildPhase;
			buildActionMask = 2147483647;
			files = (
				EA26E6CB263C3F8C006596D5 /* ViewController.swift in Sources */,
				EA26E6C9263C3F8C006596D5 /* AppDelegate.swift in Sources */,
				EAEB1E38263D6CE600524B81 /* StickyCollectionView.swift in Sources */,
				EA9770822641AA08008501CA /* NoteRollView.swift in Sources */,
			);
			runOnlyForDeploymentPostprocessing = 0;
		};
		EA405B3B263EE04100D5CC78 /* Sources */ = {
			isa = PBXSourcesBuildPhase;
			buildActionMask = 2147483647;
			files = (
				EA405B4C263EE05000D5CC78 /* MIDI.swift in Sources */,
				EA405B5F263EFE3500D5CC78 /* Keyboard.swift in Sources */,
				EA405B4D263EE05000D5CC78 /* MIDISynth.swift in Sources */,
			);
			runOnlyForDeploymentPostprocessing = 0;
		};
		EAACB14D263EDD1600DEA1D2 /* Sources */ = {
			isa = PBXSourcesBuildPhase;
			buildActionMask = 2147483647;
			files = (
				EAACB158263EDD1600DEA1D2 /* ViewController.swift in Sources */,
				EAACB154263EDD1600DEA1D2 /* AppDelegate.swift in Sources */,
			);
			runOnlyForDeploymentPostprocessing = 0;
		};
/* End PBXSourcesBuildPhase section */

/* Begin PBXTargetDependency section */
		EA405B45263EE04100D5CC78 /* PBXTargetDependency */ = {
			isa = PBXTargetDependency;
			target = EA405B3E263EE04100D5CC78 /* Common */;
			targetProxy = EA405B44263EE04100D5CC78 /* PBXContainerItemProxy */;
		};
		EA405B52263EE1FC00D5CC78 /* PBXTargetDependency */ = {
			isa = PBXTargetDependency;
			target = EA405B3E263EE04100D5CC78 /* Common */;
			targetProxy = EA405B51263EE1FC00D5CC78 /* PBXContainerItemProxy */;
		};
/* End PBXTargetDependency section */

/* Begin PBXVariantGroup section */
		EA26E6CE263C3F95006596D5 /* Main.storyboard */ = {
			isa = PBXVariantGroup;
			children = (
				EA26E6CF263C3F95006596D5 /* Base */,
			);
			name = Main.storyboard;
			sourceTree = "<group>";
		};
		EAACB15E263EDD1700DEA1D2 /* LaunchScreen.storyboard */ = {
			isa = PBXVariantGroup;
			children = (
				EAACB15F263EDD1700DEA1D2 /* Base */,
			);
			name = LaunchScreen.storyboard;
			sourceTree = "<group>";
		};
/* End PBXVariantGroup section */

/* Begin XCBuildConfiguration section */
		EA26E6D3263C3F95006596D5 /* Debug */ = {
			isa = XCBuildConfiguration;
			buildSettings = {
				ALWAYS_SEARCH_USER_PATHS = NO;
				CLANG_ANALYZER_NONNULL = YES;
				CLANG_ANALYZER_NUMBER_OBJECT_CONVERSION = YES_AGGRESSIVE;
				CLANG_CXX_LANGUAGE_STANDARD = "gnu++14";
				CLANG_CXX_LIBRARY = "libc++";
				CLANG_ENABLE_MODULES = YES;
				CLANG_ENABLE_OBJC_ARC = YES;
				CLANG_ENABLE_OBJC_WEAK = YES;
				CLANG_WARN_BLOCK_CAPTURE_AUTORELEASING = YES;
				CLANG_WARN_BOOL_CONVERSION = YES;
				CLANG_WARN_COMMA = YES;
				CLANG_WARN_CONSTANT_CONVERSION = YES;
				CLANG_WARN_DEPRECATED_OBJC_IMPLEMENTATIONS = YES;
				CLANG_WARN_DIRECT_OBJC_ISA_USAGE = YES_ERROR;
				CLANG_WARN_DOCUMENTATION_COMMENTS = YES;
				CLANG_WARN_EMPTY_BODY = YES;
				CLANG_WARN_ENUM_CONVERSION = YES;
				CLANG_WARN_INFINITE_RECURSION = YES;
				CLANG_WARN_INT_CONVERSION = YES;
				CLANG_WARN_NON_LITERAL_NULL_CONVERSION = YES;
				CLANG_WARN_OBJC_IMPLICIT_RETAIN_SELF = YES;
				CLANG_WARN_OBJC_LITERAL_CONVERSION = YES;
				CLANG_WARN_OBJC_ROOT_CLASS = YES_ERROR;
				CLANG_WARN_QUOTED_INCLUDE_IN_FRAMEWORK_HEADER = YES;
				CLANG_WARN_RANGE_LOOP_ANALYSIS = YES;
				CLANG_WARN_STRICT_PROTOTYPES = YES;
				CLANG_WARN_SUSPICIOUS_MOVE = YES;
				CLANG_WARN_UNGUARDED_AVAILABILITY = YES_AGGRESSIVE;
				CLANG_WARN_UNREACHABLE_CODE = YES;
				CLANG_WARN__DUPLICATE_METHOD_MATCH = YES;
				COPY_PHASE_STRIP = NO;
				DEBUG_INFORMATION_FORMAT = dwarf;
				ENABLE_STRICT_OBJC_MSGSEND = YES;
				ENABLE_TESTABILITY = YES;
				GCC_C_LANGUAGE_STANDARD = gnu11;
				GCC_DYNAMIC_NO_PIC = NO;
				GCC_NO_COMMON_BLOCKS = YES;
				GCC_OPTIMIZATION_LEVEL = 0;
				GCC_PREPROCESSOR_DEFINITIONS = (
					"DEBUG=1",
					"$(inherited)",
				);
				GCC_WARN_64_TO_32_BIT_CONVERSION = YES;
				GCC_WARN_ABOUT_RETURN_TYPE = YES_ERROR;
				GCC_WARN_UNDECLARED_SELECTOR = YES;
				GCC_WARN_UNINITIALIZED_AUTOS = YES_AGGRESSIVE;
				GCC_WARN_UNUSED_FUNCTION = YES;
				GCC_WARN_UNUSED_VARIABLE = YES;
				MACOSX_DEPLOYMENT_TARGET = 11.2;
				MTL_ENABLE_DEBUG_INFO = INCLUDE_SOURCE;
				MTL_FAST_MATH = YES;
				ONLY_ACTIVE_ARCH = YES;
				SDKROOT = macosx;
				SUPPORTED_PLATFORMS = "macosx iphonesimulator iphoneos";
				SWIFT_ACTIVE_COMPILATION_CONDITIONS = DEBUG;
				SWIFT_OPTIMIZATION_LEVEL = "-Onone";
			};
			name = Debug;
		};
		EA26E6D4263C3F95006596D5 /* Release */ = {
			isa = XCBuildConfiguration;
			buildSettings = {
				ALWAYS_SEARCH_USER_PATHS = NO;
				CLANG_ANALYZER_NONNULL = YES;
				CLANG_ANALYZER_NUMBER_OBJECT_CONVERSION = YES_AGGRESSIVE;
				CLANG_CXX_LANGUAGE_STANDARD = "gnu++14";
				CLANG_CXX_LIBRARY = "libc++";
				CLANG_ENABLE_MODULES = YES;
				CLANG_ENABLE_OBJC_ARC = YES;
				CLANG_ENABLE_OBJC_WEAK = YES;
				CLANG_WARN_BLOCK_CAPTURE_AUTORELEASING = YES;
				CLANG_WARN_BOOL_CONVERSION = YES;
				CLANG_WARN_COMMA = YES;
				CLANG_WARN_CONSTANT_CONVERSION = YES;
				CLANG_WARN_DEPRECATED_OBJC_IMPLEMENTATIONS = YES;
				CLANG_WARN_DIRECT_OBJC_ISA_USAGE = YES_ERROR;
				CLANG_WARN_DOCUMENTATION_COMMENTS = YES;
				CLANG_WARN_EMPTY_BODY = YES;
				CLANG_WARN_ENUM_CONVERSION = YES;
				CLANG_WARN_INFINITE_RECURSION = YES;
				CLANG_WARN_INT_CONVERSION = YES;
				CLANG_WARN_NON_LITERAL_NULL_CONVERSION = YES;
				CLANG_WARN_OBJC_IMPLICIT_RETAIN_SELF = YES;
				CLANG_WARN_OBJC_LITERAL_CONVERSION = YES;
				CLANG_WARN_OBJC_ROOT_CLASS = YES_ERROR;
				CLANG_WARN_QUOTED_INCLUDE_IN_FRAMEWORK_HEADER = YES;
				CLANG_WARN_RANGE_LOOP_ANALYSIS = YES;
				CLANG_WARN_STRICT_PROTOTYPES = YES;
				CLANG_WARN_SUSPICIOUS_MOVE = YES;
				CLANG_WARN_UNGUARDED_AVAILABILITY = YES_AGGRESSIVE;
				CLANG_WARN_UNREACHABLE_CODE = YES;
				CLANG_WARN__DUPLICATE_METHOD_MATCH = YES;
				COPY_PHASE_STRIP = NO;
				DEBUG_INFORMATION_FORMAT = "dwarf-with-dsym";
				ENABLE_NS_ASSERTIONS = NO;
				ENABLE_STRICT_OBJC_MSGSEND = YES;
				GCC_C_LANGUAGE_STANDARD = gnu11;
				GCC_NO_COMMON_BLOCKS = YES;
				GCC_WARN_64_TO_32_BIT_CONVERSION = YES;
				GCC_WARN_ABOUT_RETURN_TYPE = YES_ERROR;
				GCC_WARN_UNDECLARED_SELECTOR = YES;
				GCC_WARN_UNINITIALIZED_AUTOS = YES_AGGRESSIVE;
				GCC_WARN_UNUSED_FUNCTION = YES;
				GCC_WARN_UNUSED_VARIABLE = YES;
				MACOSX_DEPLOYMENT_TARGET = 11.2;
				MTL_ENABLE_DEBUG_INFO = NO;
				MTL_FAST_MATH = YES;
				SDKROOT = macosx;
				SUPPORTED_PLATFORMS = "macosx iphonesimulator iphoneos";
				SWIFT_COMPILATION_MODE = wholemodule;
				SWIFT_OPTIMIZATION_LEVEL = "-O";
			};
			name = Release;
		};
		EA26E6D6263C3F95006596D5 /* Debug */ = {
			isa = XCBuildConfiguration;
			buildSettings = {
				ALWAYS_EMBED_SWIFT_STANDARD_LIBRARIES = YES;
				ASSETCATALOG_COMPILER_APPICON_NAME = AppIcon;
				ASSETCATALOG_COMPILER_GLOBAL_ACCENT_COLOR_NAME = AccentColor;
				CODE_SIGN_ENTITLEMENTS = Resonance/Resonance.entitlements;
				CODE_SIGN_STYLE = Automatic;
				COMBINE_HIDPI_IMAGES = YES;
				INFOPLIST_FILE = Resonance/Info.plist;
				LD_RUNPATH_SEARCH_PATHS = (
					"$(inherited)",
					"@executable_path/../Frameworks",
				);
				PRODUCT_BUNDLE_IDENTIFIER = jp.banjun.exp.Resonance;
				PRODUCT_NAME = "$(TARGET_NAME)";
				SUPPORTED_PLATFORMS = macosx;
				SWIFT_VERSION = 5.0;
			};
			name = Debug;
		};
		EA26E6D7263C3F95006596D5 /* Release */ = {
			isa = XCBuildConfiguration;
			buildSettings = {
				ALWAYS_EMBED_SWIFT_STANDARD_LIBRARIES = YES;
				ASSETCATALOG_COMPILER_APPICON_NAME = AppIcon;
				ASSETCATALOG_COMPILER_GLOBAL_ACCENT_COLOR_NAME = AccentColor;
				CODE_SIGN_ENTITLEMENTS = Resonance/Resonance.entitlements;
				CODE_SIGN_STYLE = Automatic;
				COMBINE_HIDPI_IMAGES = YES;
				INFOPLIST_FILE = Resonance/Info.plist;
				LD_RUNPATH_SEARCH_PATHS = (
					"$(inherited)",
					"@executable_path/../Frameworks",
				);
				PRODUCT_BUNDLE_IDENTIFIER = jp.banjun.exp.Resonance;
				PRODUCT_NAME = "$(TARGET_NAME)";
				SUPPORTED_PLATFORMS = macosx;
				SWIFT_VERSION = 5.0;
			};
			name = Release;
		};
		EA405B49263EE04100D5CC78 /* Debug */ = {
			isa = XCBuildConfiguration;
			buildSettings = {
				CODE_SIGN_IDENTITY = "Apple Development";
				"CODE_SIGN_IDENTITY[sdk=macosx*]" = "Apple Development";
				CODE_SIGN_STYLE = Automatic;
				COMBINE_HIDPI_IMAGES = YES;
				CURRENT_PROJECT_VERSION = 1;
				DEFINES_MODULE = YES;
				DEVELOPMENT_TEAM = "";
				DYLIB_COMPATIBILITY_VERSION = 1;
				DYLIB_CURRENT_VERSION = 1;
				DYLIB_INSTALL_NAME_BASE = "@rpath";
				INFOPLIST_FILE = Common/Info.plist;
				INSTALL_PATH = "$(LOCAL_LIBRARY_DIR)/Frameworks";
				IPHONEOS_DEPLOYMENT_TARGET = 13.0;
				LD_RUNPATH_SEARCH_PATHS = (
					"$(inherited)",
					"@executable_path/../Frameworks",
					"@loader_path/Frameworks",
				);
				MACOSX_DEPLOYMENT_TARGET = 11.0;
				PRODUCT_BUNDLE_IDENTIFIER = jp.banjun.exp.Resonance.common;
				PRODUCT_NAME = "$(TARGET_NAME:c99extidentifier)";
				PROVISIONING_PROFILE_SPECIFIER = "";
				"PROVISIONING_PROFILE_SPECIFIER[sdk=macosx*]" = "";
				SDKROOT = iphoneos;
				SKIP_INSTALL = YES;
				SUPPORTS_MACCATALYST = YES;
				SWIFT_VERSION = 5.0;
				TARGETED_DEVICE_FAMILY = "1,2,6";
				VERSIONING_SYSTEM = "apple-generic";
				VERSION_INFO_PREFIX = "";
			};
			name = Debug;
		};
		EA405B4A263EE04100D5CC78 /* Release */ = {
			isa = XCBuildConfiguration;
			buildSettings = {
				CODE_SIGN_IDENTITY = "Apple Development";
				"CODE_SIGN_IDENTITY[sdk=macosx*]" = "Apple Development";
				CODE_SIGN_STYLE = Automatic;
				COMBINE_HIDPI_IMAGES = YES;
				CURRENT_PROJECT_VERSION = 1;
				DEFINES_MODULE = YES;
				DEVELOPMENT_TEAM = "";
				DYLIB_COMPATIBILITY_VERSION = 1;
				DYLIB_CURRENT_VERSION = 1;
				DYLIB_INSTALL_NAME_BASE = "@rpath";
				INFOPLIST_FILE = Common/Info.plist;
				INSTALL_PATH = "$(LOCAL_LIBRARY_DIR)/Frameworks";
				IPHONEOS_DEPLOYMENT_TARGET = 13.0;
				LD_RUNPATH_SEARCH_PATHS = (
					"$(inherited)",
					"@executable_path/../Frameworks",
					"@loader_path/Frameworks",
				);
				MACOSX_DEPLOYMENT_TARGET = 11.0;
				PRODUCT_BUNDLE_IDENTIFIER = jp.banjun.exp.Resonance.common;
				PRODUCT_NAME = "$(TARGET_NAME:c99extidentifier)";
				PROVISIONING_PROFILE_SPECIFIER = "";
				"PROVISIONING_PROFILE_SPECIFIER[sdk=macosx*]" = "";
				SDKROOT = iphoneos;
				SKIP_INSTALL = YES;
				SUPPORTS_MACCATALYST = YES;
				SWIFT_VERSION = 5.0;
				TARGETED_DEVICE_FAMILY = "1,2,6";
				VERSIONING_SYSTEM = "apple-generic";
				VERSION_INFO_PREFIX = "";
			};
			name = Release;
		};
		EAACB163263EDD1700DEA1D2 /* Debug */ = {
			isa = XCBuildConfiguration;
			buildSettings = {
				ASSETCATALOG_COMPILER_APPICON_NAME = AppIcon;
				ASSETCATALOG_COMPILER_GLOBAL_ACCENT_COLOR_NAME = AccentColor;
				CODE_SIGN_ENTITLEMENTS = "Resonance-ios/Resonance-ios.entitlements";
				CODE_SIGN_STYLE = Automatic;
				DEVELOPMENT_TEAM = FPZK4WRGW7;
				INFOPLIST_FILE = "Resonance-ios/Info.plist";
				IPHONEOS_DEPLOYMENT_TARGET = 13.0;
				LD_RUNPATH_SEARCH_PATHS = (
					"$(inherited)",
					"@executable_path/Frameworks",
				);
				PRODUCT_BUNDLE_IDENTIFIER = "jp.banjun.exp.Resonance-ios";
				PRODUCT_NAME = "$(TARGET_NAME)";
				SDKROOT = iphoneos;
				SUPPORTED_PLATFORMS = "iphonesimulator iphoneos";
				SUPPORTS_MACCATALYST = YES;
				SWIFT_VERSION = 5.0;
				TARGETED_DEVICE_FAMILY = "1,2,6";
			};
			name = Debug;
		};
		EAACB164263EDD1700DEA1D2 /* Release */ = {
			isa = XCBuildConfiguration;
			buildSettings = {
				ASSETCATALOG_COMPILER_APPICON_NAME = AppIcon;
				ASSETCATALOG_COMPILER_GLOBAL_ACCENT_COLOR_NAME = AccentColor;
				CODE_SIGN_ENTITLEMENTS = "Resonance-ios/Resonance-ios.entitlements";
				CODE_SIGN_STYLE = Automatic;
				DEVELOPMENT_TEAM = FPZK4WRGW7;
				INFOPLIST_FILE = "Resonance-ios/Info.plist";
				IPHONEOS_DEPLOYMENT_TARGET = 13.0;
				LD_RUNPATH_SEARCH_PATHS = (
					"$(inherited)",
					"@executable_path/Frameworks",
				);
				PRODUCT_BUNDLE_IDENTIFIER = "jp.banjun.exp.Resonance-ios";
				PRODUCT_NAME = "$(TARGET_NAME)";
				SDKROOT = iphoneos;
				SUPPORTED_PLATFORMS = "iphonesimulator iphoneos";
				SUPPORTS_MACCATALYST = YES;
				SWIFT_VERSION = 5.0;
				TARGETED_DEVICE_FAMILY = "1,2,6";
				VALIDATE_PRODUCT = YES;
			};
			name = Release;
		};
/* End XCBuildConfiguration section */

/* Begin XCConfigurationList section */
		EA26E6C0263C3F8C006596D5 /* Build configuration list for PBXProject "Resonance" */ = {
			isa = XCConfigurationList;
			buildConfigurations = (
				EA26E6D3263C3F95006596D5 /* Debug */,
				EA26E6D4263C3F95006596D5 /* Release */,
			);
			defaultConfigurationIsVisible = 0;
			defaultConfigurationName = Release;
		};
		EA26E6D5263C3F95006596D5 /* Build configuration list for PBXNativeTarget "Resonance" */ = {
			isa = XCConfigurationList;
			buildConfigurations = (
				EA26E6D6263C3F95006596D5 /* Debug */,
				EA26E6D7263C3F95006596D5 /* Release */,
			);
			defaultConfigurationIsVisible = 0;
			defaultConfigurationName = Release;
		};
		EA405B48263EE04100D5CC78 /* Build configuration list for PBXNativeTarget "Common" */ = {
			isa = XCConfigurationList;
			buildConfigurations = (
				EA405B49263EE04100D5CC78 /* Debug */,
				EA405B4A263EE04100D5CC78 /* Release */,
			);
			defaultConfigurationIsVisible = 0;
			defaultConfigurationName = Release;
		};
		EAACB162263EDD1700DEA1D2 /* Build configuration list for PBXNativeTarget "Resonance-ios" */ = {
			isa = XCConfigurationList;
			buildConfigurations = (
				EAACB163263EDD1700DEA1D2 /* Debug */,
				EAACB164263EDD1700DEA1D2 /* Release */,
			);
			defaultConfigurationIsVisible = 0;
			defaultConfigurationName = Release;
		};
/* End XCConfigurationList section */
	};
	rootObject = EA26E6BD263C3F8C006596D5 /* Project object */;
}
